// !$*UTF8*$!
{
	archiveVersion = 1;
	classes = {
	};
	objectVersion = 48;
	objects = {

/* Begin PBXBuildFile section */
		BEEBAF94207640B5005CB238 /* AppDelegate.m in Sources */ = {isa = PBXBuildFile; fileRef = BEEBAF93207640B5005CB238 /* AppDelegate.m */; };
		BEEBAF97207640B5005CB238 /* ViewController.m in Sources */ = {isa = PBXBuildFile; fileRef = BEEBAF96207640B5005CB238 /* ViewController.m */; };
		BEEBAF9A207640B5005CB238 /* Main.storyboard in Resources */ = {isa = PBXBuildFile; fileRef = BEEBAF98207640B5005CB238 /* Main.storyboard */; };
		BEEBAF9C207640B5005CB238 /* Assets.xcassets in Resources */ = {isa = PBXBuildFile; fileRef = BEEBAF9B207640B5005CB238 /* Assets.xcassets */; };
		BEEBAF9F207640B5005CB238 /* LaunchScreen.storyboard in Resources */ = {isa = PBXBuildFile; fileRef = BEEBAF9D207640B5005CB238 /* LaunchScreen.storyboard */; };
		BEEBAFA2207640B5005CB238 /* main.m in Sources */ = {isa = PBXBuildFile; fileRef = BEEBAFA1207640B5005CB238 /* main.m */; };
		BEEBAFAA207643BA005CB238 /* Pao.m in Sources */ = {isa = PBXBuildFile; fileRef = BEEBAFA9207643BA005CB238 /* Pao.m */; };
		BEEBAFAD207647DC005CB238 /* Produto.m in Sources */ = {isa = PBXBuildFile; fileRef = BEEBAFAC207647DC005CB238 /* Produto.m */; };
		BEEBAFB02076498C005CB238 /* Biscoito.m in Sources */ = {isa = PBXBuildFile; fileRef = BEEBAFAF2076498C005CB238 /* Biscoito.m */; };
		BEEBAFB320764A04005CB238 /* Rosquinha.m in Sources */ = {isa = PBXBuildFile; fileRef = BEEBAFB220764A04005CB238 /* Rosquinha.m */; };
		BEEBAFB620764A63005CB238 /* Pizza.m in Sources */ = {isa = PBXBuildFile; fileRef = BEEBAFB520764A63005CB238 /* Pizza.m */; };
		BEEBAFB9207651F4005CB238 /* Slot.m in Sources */ = {isa = PBXBuildFile; fileRef = BEEBAFB8207651F4005CB238 /* Slot.m */; };
		BEEBAFBF207654C6005CB238 /* Padaria.m in Sources */ = {isa = PBXBuildFile; fileRef = BEEBAFBE207654C6005CB238 /* Padaria.m */; };
/* End PBXBuildFile section */

/* Begin PBXFileReference section */
		BEEBAF8F207640B5005CB238 /* bakery.app */ = {isa = PBXFileReference; explicitFileType = wrapper.application; includeInIndex = 0; path = bakery.app; sourceTree = BUILT_PRODUCTS_DIR; };
		BEEBAF92207640B5005CB238 /* AppDelegate.h */ = {isa = PBXFileReference; lastKnownFileType = sourcecode.c.h; path = AppDelegate.h; sourceTree = "<group>"; };
		BEEBAF93207640B5005CB238 /* AppDelegate.m */ = {isa = PBXFileReference; lastKnownFileType = sourcecode.c.objc; path = AppDelegate.m; sourceTree = "<group>"; };
		BEEBAF95207640B5005CB238 /* ViewController.h */ = {isa = PBXFileReference; lastKnownFileType = sourcecode.c.h; path = ViewController.h; sourceTree = "<group>"; };
		BEEBAF96207640B5005CB238 /* ViewController.m */ = {isa = PBXFileReference; lastKnownFileType = sourcecode.c.objc; path = ViewController.m; sourceTree = "<group>"; };
		BEEBAF99207640B5005CB238 /* Base */ = {isa = PBXFileReference; lastKnownFileType = file.storyboard; name = Base; path = Base.lproj/Main.storyboard; sourceTree = "<group>"; };
		BEEBAF9B207640B5005CB238 /* Assets.xcassets */ = {isa = PBXFileReference; lastKnownFileType = folder.assetcatalog; path = Assets.xcassets; sourceTree = "<group>"; };
		BEEBAF9E207640B5005CB238 /* Base */ = {isa = PBXFileReference; lastKnownFileType = file.storyboard; name = Base; path = Base.lproj/LaunchScreen.storyboard; sourceTree = "<group>"; };
		BEEBAFA0207640B5005CB238 /* Info.plist */ = {isa = PBXFileReference; lastKnownFileType = text.plist.xml; path = Info.plist; sourceTree = "<group>"; };
		BEEBAFA1207640B5005CB238 /* main.m */ = {isa = PBXFileReference; lastKnownFileType = sourcecode.c.objc; path = main.m; sourceTree = "<group>"; };
		BEEBAFA8207643BA005CB238 /* Pao.h */ = {isa = PBXFileReference; lastKnownFileType = sourcecode.c.h; path = Pao.h; sourceTree = "<group>"; };
		BEEBAFA9207643BA005CB238 /* Pao.m */ = {isa = PBXFileReference; lastKnownFileType = sourcecode.c.objc; path = Pao.m; sourceTree = "<group>"; };
		BEEBAFAB207647DC005CB238 /* Produto.h */ = {isa = PBXFileReference; lastKnownFileType = sourcecode.c.h; path = Produto.h; sourceTree = "<group>"; };
		BEEBAFAC207647DC005CB238 /* Produto.m */ = {isa = PBXFileReference; lastKnownFileType = sourcecode.c.objc; path = Produto.m; sourceTree = "<group>"; };
		BEEBAFAE2076498C005CB238 /* Biscoito.h */ = {isa = PBXFileReference; lastKnownFileType = sourcecode.c.h; path = Biscoito.h; sourceTree = "<group>"; };
		BEEBAFAF2076498C005CB238 /* Biscoito.m */ = {isa = PBXFileReference; lastKnownFileType = sourcecode.c.objc; path = Biscoito.m; sourceTree = "<group>"; };
		BEEBAFB120764A04005CB238 /* Rosquinha.h */ = {isa = PBXFileReference; lastKnownFileType = sourcecode.c.h; path = Rosquinha.h; sourceTree = "<group>"; };
		BEEBAFB220764A04005CB238 /* Rosquinha.m */ = {isa = PBXFileReference; lastKnownFileType = sourcecode.c.objc; path = Rosquinha.m; sourceTree = "<group>"; };
		BEEBAFB420764A63005CB238 /* Pizza.h */ = {isa = PBXFileReference; lastKnownFileType = sourcecode.c.h; path = Pizza.h; sourceTree = "<group>"; };
		BEEBAFB520764A63005CB238 /* Pizza.m */ = {isa = PBXFileReference; lastKnownFileType = sourcecode.c.objc; path = Pizza.m; sourceTree = "<group>"; };
		BEEBAFB7207651F4005CB238 /* Slot.h */ = {isa = PBXFileReference; lastKnownFileType = sourcecode.c.h; path = Slot.h; sourceTree = "<group>"; };
		BEEBAFB8207651F4005CB238 /* Slot.m */ = {isa = PBXFileReference; lastKnownFileType = sourcecode.c.objc; path = Slot.m; sourceTree = "<group>"; };
		BEEBAFBD207654C6005CB238 /* Padaria.h */ = {isa = PBXFileReference; lastKnownFileType = sourcecode.c.h; path = Padaria.h; sourceTree = "<group>"; };
		BEEBAFBE207654C6005CB238 /* Padaria.m */ = {isa = PBXFileReference; lastKnownFileType = sourcecode.c.objc; path = Padaria.m; sourceTree = "<group>"; };
/* End PBXFileReference section */

/* Begin PBXFrameworksBuildPhase section */
		BEEBAF8C207640B5005CB238 /* Frameworks */ = {
			isa = PBXFrameworksBuildPhase;
			buildActionMask = 2147483647;
			files = (
			);
			runOnlyForDeploymentPostprocessing = 0;
		};
/* End PBXFrameworksBuildPhase section */

/* Begin PBXGroup section */
		BEEBAF86207640B5005CB238 = {
			isa = PBXGroup;
			children = (
				BEEBAF91207640B5005CB238 /* bakery */,
				BEEBAF90207640B5005CB238 /* Products */,
			);
			sourceTree = "<group>";
		};
		BEEBAF90207640B5005CB238 /* Products */ = {
			isa = PBXGroup;
			children = (
				BEEBAF8F207640B5005CB238 /* bakery.app */,
			);
			name = Products;
			sourceTree = "<group>";
		};
		BEEBAF91207640B5005CB238 /* bakery */ = {
			isa = PBXGroup;
			children = (
				BEEBAF92207640B5005CB238 /* AppDelegate.h */,
				BEEBAF93207640B5005CB238 /* AppDelegate.m */,
				BEEBAF95207640B5005CB238 /* ViewController.h */,
				BEEBAF96207640B5005CB238 /* ViewController.m */,
				BEEBAF98207640B5005CB238 /* Main.storyboard */,
				BEEBAF9B207640B5005CB238 /* Assets.xcassets */,
				BEEBAF9D207640B5005CB238 /* LaunchScreen.storyboard */,
				BEEBAFA0207640B5005CB238 /* Info.plist */,
				BEEBAFA1207640B5005CB238 /* main.m */,
				BEEBAFA8207643BA005CB238 /* Pao.h */,
				BEEBAFA9207643BA005CB238 /* Pao.m */,
				BEEBAFAE2076498C005CB238 /* Biscoito.h */,
				BEEBAFAF2076498C005CB238 /* Biscoito.m */,
				BEEBAFB120764A04005CB238 /* Rosquinha.h */,
				BEEBAFB220764A04005CB238 /* Rosquinha.m */,
				BEEBAFB420764A63005CB238 /* Pizza.h */,
				BEEBAFB520764A63005CB238 /* Pizza.m */,
				BEEBAFB7207651F4005CB238 /* Slot.h */,
				BEEBAFB8207651F4005CB238 /* Slot.m */,
				BEEBAFBD207654C6005CB238 /* Padaria.h */,
				BEEBAFBE207654C6005CB238 /* Padaria.m */,
				BEEBAFAB207647DC005CB238 /* Produto.h */,
				BEEBAFAC207647DC005CB238 /* Produto.m */,
			);
			path = bakery;
			sourceTree = "<group>";
		};
/* End PBXGroup section */

/* Begin PBXNativeTarget section */
		BEEBAF8E207640B5005CB238 /* bakery */ = {
			isa = PBXNativeTarget;
			buildConfigurationList = BEEBAFA5207640B5005CB238 /* Build configuration list for PBXNativeTarget "bakery" */;
			buildPhases = (
				BEEBAF8B207640B5005CB238 /* Sources */,
				BEEBAF8C207640B5005CB238 /* Frameworks */,
				BEEBAF8D207640B5005CB238 /* Resources */,
			);
			buildRules = (
			);
			dependencies = (
			);
			name = bakery;
			productName = bakery;
			productReference = BEEBAF8F207640B5005CB238 /* bakery.app */;
			productType = "com.apple.product-type.application";
		};
/* End PBXNativeTarget section */

/* Begin PBXProject section */
		BEEBAF87207640B5005CB238 /* Project object */ = {
			isa = PBXProject;
			attributes = {
				LastUpgradeCheck = 0920;
				ORGANIZATIONNAME = "Ada 2018";
				TargetAttributes = {
					BEEBAF8E207640B5005CB238 = {
						CreatedOnToolsVersion = 9.2;
						ProvisioningStyle = Automatic;
					};
				};
			};
			buildConfigurationList = BEEBAF8A207640B5005CB238 /* Build configuration list for PBXProject "bakery" */;
			compatibilityVersion = "Xcode 8.0";
			developmentRegion = en;
			hasScannedForEncodings = 0;
			knownRegions = (
				en,
				Base,
			);
			mainGroup = BEEBAF86207640B5005CB238;
			productRefGroup = BEEBAF90207640B5005CB238 /* Products */;
			projectDirPath = "";
			projectRoot = "";
			targets = (
				BEEBAF8E207640B5005CB238 /* bakery */,
			);
		};
/* End PBXProject section */

/* Begin PBXResourcesBuildPhase section */
		BEEBAF8D207640B5005CB238 /* Resources */ = {
			isa = PBXResourcesBuildPhase;
			buildActionMask = 2147483647;
			files = (
				BEEBAF9F207640B5005CB238 /* LaunchScreen.storyboard in Resources */,
				BEEBAF9C207640B5005CB238 /* Assets.xcassets in Resources */,
				BEEBAF9A207640B5005CB238 /* Main.storyboard in Resources */,
			);
			runOnlyForDeploymentPostprocessing = 0;
		};
/* End PBXResourcesBuildPhase section */

/* Begin PBXSourcesBuildPhase section */
		BEEBAF8B207640B5005CB238 /* Sources */ = {
			isa = PBXSourcesBuildPhase;
			buildActionMask = 2147483647;
			files = (
				BEEBAFB9207651F4005CB238 /* Slot.m in Sources */,
				BEEBAFB620764A63005CB238 /* Pizza.m in Sources */,
				BEEBAFAA207643BA005CB238 /* Pao.m in Sources */,
				BEEBAF97207640B5005CB238 /* ViewController.m in Sources */,
				BEEBAFBF207654C6005CB238 /* Padaria.m in Sources */,
				BEEBAFB320764A04005CB238 /* Rosquinha.m in Sources */,
				BEEBAFA2207640B5005CB238 /* main.m in Sources */,
				BEEBAFB02076498C005CB238 /* Biscoito.m in Sources */,
				BEEBAF94207640B5005CB238 /* AppDelegate.m in Sources */,
				BEEBAFAD207647DC005CB238 /* Produto.m in Sources */,
			);
			runOnlyForDeploymentPostprocessing = 0;
		};
/* End PBXSourcesBuildPhase section */

/* Begin PBXVariantGroup section */
		BEEBAF98207640B5005CB238 /* Main.storyboard */ = {
			isa = PBXVariantGroup;
			children = (
				BEEBAF99207640B5005CB238 /* Base */,
			);
			name = Main.storyboard;
			sourceTree = "<group>";
		};
		BEEBAF9D207640B5005CB238 /* LaunchScreen.storyboard */ = {
			isa = PBXVariantGroup;
			children = (
				BEEBAF9E207640B5005CB238 /* Base */,
			);
			name = LaunchScreen.storyboard;
			sourceTree = "<group>";
		};
/* End PBXVariantGroup section */

/* Begin XCBuildConfiguration section */
		BEEBAFA3207640B5005CB238 /* Debug */ = {
			isa = XCBuildConfiguration;
			buildSettings = {
				ALWAYS_SEARCH_USER_PATHS = NO;
				CLANG_ANALYZER_NONNULL = YES;
				CLANG_ANALYZER_NUMBER_OBJECT_CONVERSION = YES_AGGRESSIVE;
				CLANG_CXX_LANGUAGE_STANDARD = "gnu++14";
				CLANG_CXX_LIBRARY = "libc++";
				CLANG_ENABLE_MODULES = YES;
				CLANG_ENABLE_OBJC_ARC = YES;
				CLANG_WARN_BLOCK_CAPTURE_AUTORELEASING = YES;
				CLANG_WARN_BOOL_CONVERSION = YES;
				CLANG_WARN_COMMA = YES;
				CLANG_WARN_CONSTANT_CONVERSION = YES;
				CLANG_WARN_DIRECT_OBJC_ISA_USAGE = YES_ERROR;
				CLANG_WARN_DOCUMENTATION_COMMENTS = YES;
				CLANG_WARN_EMPTY_BODY = YES;
				CLANG_WARN_ENUM_CONVERSION = YES;
				CLANG_WARN_INFINITE_RECURSION = YES;
				CLANG_WARN_INT_CONVERSION = YES;
				CLANG_WARN_NON_LITERAL_NULL_CONVERSION = YES;
				CLANG_WARN_OBJC_LITERAL_CONVERSION = YES;
				CLANG_WARN_OBJC_ROOT_CLASS = YES_ERROR;
				CLANG_WARN_RANGE_LOOP_ANALYSIS = YES;
				CLANG_WARN_STRICT_PROTOTYPES = YES;
				CLANG_WARN_SUSPICIOUS_MOVE = YES;
				CLANG_WARN_UNGUARDED_AVAILABILITY = YES_AGGRESSIVE;
				CLANG_WARN_UNREACHABLE_CODE = YES;
				CLANG_WARN__DUPLICATE_METHOD_MATCH = YES;
				CODE_SIGN_IDENTITY = "iPhone Developer";
				COPY_PHASE_STRIP = NO;
				DEBUG_INFORMATION_FORMAT = dwarf;
				ENABLE_STRICT_OBJC_MSGSEND = YES;
				ENABLE_TESTABILITY = YES;
				GCC_C_LANGUAGE_STANDARD = gnu11;
				GCC_DYNAMIC_NO_PIC = NO;
				GCC_NO_COMMON_BLOCKS = YES;
				GCC_OPTIMIZATION_LEVEL = 0;
				GCC_PREPROCESSOR_DEFINITIONS = (
					"DEBUG=1",
					"$(inherited)",
				);
				GCC_WARN_64_TO_32_BIT_CONVERSION = YES;
				GCC_WARN_ABOUT_RETURN_TYPE = YES_ERROR;
				GCC_WARN_UNDECLARED_SELECTOR = YES;
				GCC_WARN_UNINITIALIZED_AUTOS = YES_AGGRESSIVE;
				GCC_WARN_UNUSED_FUNCTION = YES;
				GCC_WARN_UNUSED_VARIABLE = YES;
				IPHONEOS_DEPLOYMENT_TARGET = 11.2;
				MTL_ENABLE_DEBUG_INFO = YES;
				ONLY_ACTIVE_ARCH = YES;
				SDKROOT = iphoneos;
			};
			name = Debug;
		};
		BEEBAFA4207640B5005CB238 /* Release */ = {
			isa = XCBuildConfiguration;
			buildSettings = {
				ALWAYS_SEARCH_USER_PATHS = NO;
				CLANG_ANALYZER_NONNULL = YES;
				CLANG_ANALYZER_NUMBER_OBJECT_CONVERSION = YES_AGGRESSIVE;
				CLANG_CXX_LANGUAGE_STANDARD = "gnu++14";
				CLANG_CXX_LIBRARY = "libc++";
				CLANG_ENABLE_MODULES = YES;
				CLANG_ENABLE_OBJC_ARC = YES;
				CLANG_WARN_BLOCK_CAPTURE_AUTORELEASING = YES;
				CLANG_WARN_BOOL_CONVERSION = YES;
				CLANG_WARN_COMMA = YES;
				CLANG_WARN_CONSTANT_CONVERSION = YES;
				CLANG_WARN_DIRECT_OBJC_ISA_USAGE = YES_ERROR;
				CLANG_WARN_DOCUMENTATION_COMMENTS = YES;
				CLANG_WARN_EMPTY_BODY = YES;
				CLANG_WARN_ENUM_CONVERSION = YES;
				CLANG_WARN_INFINITE_RECURSION = YES;
				CLANG_WARN_INT_CONVERSION = YES;
				CLANG_WARN_NON_LITERAL_NULL_CONVERSION = YES;
				CLANG_WARN_OBJC_LITERAL_CONVERSION = YES;
				CLANG_WARN_OBJC_ROOT_CLASS = YES_ERROR;
				CLANG_WARN_RANGE_LOOP_ANALYSIS = YES;
				CLANG_WARN_STRICT_PROTOTYPES = YES;
				CLANG_WARN_SUSPICIOUS_MOVE = YES;
				CLANG_WARN_UNGUARDED_AVAILABILITY = YES_AGGRESSIVE;
				CLANG_WARN_UNREACHABLE_CODE = YES;
				CLANG_WARN__DUPLICATE_METHOD_MATCH = YES;
				CODE_SIGN_IDENTITY = "iPhone Developer";
				COPY_PHASE_STRIP = NO;
				DEBUG_INFORMATION_FORMAT = "dwarf-with-dsym";
				ENABLE_NS_ASSERTIONS = NO;
				ENABLE_STRICT_OBJC_MSGSEND = YES;
				GCC_C_LANGUAGE_STANDARD = gnu11;
				GCC_NO_COMMON_BLOCKS = YES;
				GCC_WARN_64_TO_32_BIT_CONVERSION = YES;
				GCC_WARN_ABOUT_RETURN_TYPE = YES_ERROR;
				GCC_WARN_UNDECLARED_SELECTOR = YES;
				GCC_WARN_UNINITIALIZED_AUTOS = YES_AGGRESSIVE;
				GCC_WARN_UNUSED_FUNCTION = YES;
				GCC_WARN_UNUSED_VARIABLE = YES;
				IPHONEOS_DEPLOYMENT_TARGET = 11.2;
				MTL_ENABLE_DEBUG_INFO = NO;
				SDKROOT = iphoneos;
				VALIDATE_PRODUCT = YES;
			};
			name = Release;
		};
		BEEBAFA6207640B5005CB238 /* Debug */ = {
			isa = XCBuildConfiguration;
			buildSettings = {
				ASSETCATALOG_COMPILER_APPICON_NAME = AppIcon;
				CODE_SIGN_STYLE = Automatic;
				DEVELOPMENT_TEAM = C2BTWK9QR9;
				INFOPLIST_FILE = bakery/Info.plist;
				LD_RUNPATH_SEARCH_PATHS = "$(inherited) @executable_path/Frameworks";
				PRODUCT_BUNDLE_IDENTIFIER = br.com.alcidesjunior.bakery;
				PRODUCT_NAME = "$(TARGET_NAME)";
				TARGETED_DEVICE_FAMILY = "1,2";
			};
			name = Debug;
		};
		BEEBAFA7207640B5005CB238 /* Release */ = {
			isa = XCBuildConfiguration;
			buildSettings = {
				ASSETCATALOG_COMPILER_APPICON_NAME = AppIcon;
				CODE_SIGN_STYLE = Automatic;
				DEVELOPMENT_TEAM = C2BTWK9QR9;
				INFOPLIST_FILE = bakery/Info.plist;
				LD_RUNPATH_SEARCH_PATHS = "$(inherited) @executable_path/Frameworks";
				PRODUCT_BUNDLE_IDENTIFIER = br.com.alcidesjunior.bakery;
				PRODUCT_NAME = "$(TARGET_NAME)";
				TARGETED_DEVICE_FAMILY = "1,2";
			};
			name = Release;
		};
/* End XCBuildConfiguration section */

/* Begin XCConfigurationList section */
		BEEBAF8A207640B5005CB238 /* Build configuration list for PBXProject "bakery" */ = {
			isa = XCConfigurationList;
			buildConfigurations = (
				BEEBAFA3207640B5005CB238 /* Debug */,
				BEEBAFA4207640B5005CB238 /* Release */,
			);
			defaultConfigurationIsVisible = 0;
			defaultConfigurationName = Release;
		};
		BEEBAFA5207640B5005CB238 /* Build configuration list for PBXNativeTarget "bakery" */ = {
			isa = XCConfigurationList;
			buildConfigurations = (
				BEEBAFA6207640B5005CB238 /* Debug */,
				BEEBAFA7207640B5005CB238 /* Release */,
			);
			defaultConfigurationIsVisible = 0;
			defaultConfigurationName = Release;
		};
/* End XCConfigurationList section */
	};
	rootObject = BEEBAF87207640B5005CB238 /* Project object */;
}
